
Microsoft Visual Studio Solution File, Format Version 12.00
# Visual Studio Version 17
VisualStudioVersion = 17.11.35222.181
MinimumVisualStudioVersion = 10.0.40219.1
Project("{9A19103F-16F7-4668-BE54-9A1E7A4F7556}") = "HR", "HR\HR.csproj", "{FD0FE0C4-CEDF-44C6-B47A-E2C225BFD623}"
EndProject
Global
	GlobalSection(SolutionConfigurationPlatforms) = preSolution
		Debug|Any CPU = Debug|Any CPU
		Release|Any CPU = Release|Any CPU
	EndGlobalSection
	GlobalSection(ProjectConfigurationPlatforms) = postSolution
		{FD0FE0C4-CEDF-44C6-B47A-E2C225BFD623}.Debug|Any CPU.ActiveCfg = Debug|Any CPU
		{FD0FE0C4-CEDF-44C6-B47A-E2C225BFD623}.Debug|Any CPU.Build.0 = Debug|Any CPU
		{FD0FE0C4-CEDF-44C6-B47A-E2C225BFD623}.Release|Any CPU.ActiveCfg = Release|Any CPU
		{FD0FE0C4-CEDF-44C6-B47A-E2C225BFD623}.Release|Any CPU.Build.0 = Release|Any CPU
	EndGlobalSection
	GlobalSection(SolutionProperties) = preSolution
		HideSolutionNode = FALSE
	EndGlobalSection
	GlobalSection(ExtensibilityGlobals) = postSolution
		SolutionGuid = {FD870487-FCEE-4EE4-829D-D83DBCAAE793}
	EndGlobalSection
EndGlobal
